
Microsoft Visual Studio Solution File, Format Version 12.00
# Visual Studio 2012
Project("{FAE04EC0-301F-11D3-BF4B-00C04F79EFBC}") = "api", "api\api.csproj", "{C454E0F8-EE0C-4643-8368-42611F51649D}"
EndProject
Project("{FAE04EC0-301F-11D3-BF4B-00C04F79EFBC}") = "api.tests", "api.tests\api.tests.csproj", "{FA4B390A-DCB4-4BB4-9471-56D845408249}"
EndProject
Global
	GlobalSection(SolutionConfigurationPlatforms) = preSolution
		Debug|Any CPU = Debug|Any CPU
		Release|Any CPU = Release|Any CPU
	EndGlobalSection
	GlobalSection(ProjectConfigurationPlatforms) = postSolution
		{C454E0F8-EE0C-4643-8368-42611F51649D}.Debug|Any CPU.ActiveCfg = Debug|Any CPU
		{C454E0F8-EE0C-4643-8368-42611F51649D}.Debug|Any CPU.Build.0 = Debug|Any CPU
		{C454E0F8-EE0C-4643-8368-42611F51649D}.Release|Any CPU.ActiveCfg = Release|Any CPU
		{C454E0F8-EE0C-4643-8368-42611F51649D}.Release|Any CPU.Build.0 = Release|Any CPU
		{FA4B390A-DCB4-4BB4-9471-56D845408249}.Debug|Any CPU.ActiveCfg = Debug|Any CPU
		{FA4B390A-DCB4-4BB4-9471-56D845408249}.Debug|Any CPU.Build.0 = Debug|Any CPU
		{FA4B390A-DCB4-4BB4-9471-56D845408249}.Release|Any CPU.ActiveCfg = Release|Any CPU
		{FA4B390A-DCB4-4BB4-9471-56D845408249}.Release|Any CPU.Build.0 = Release|Any CPU
	EndGlobalSection
	GlobalSection(SolutionProperties) = preSolution
		HideSolutionNode = FALSE
	EndGlobalSection
EndGlobal
